# THIS IS AN AUTOGENERATED FILE. DO NOT EDIT THIS FILE DIRECTLY.
# yarn lockfile v1


bpmn-moddle@^8.1.0:
  version "8.1.0"
  resolved "https://registry.yarnpkg.com/bpmn-moddle/-/bpmn-moddle-8.1.0.tgz#80d70e88c78347c95184ce6044160658970613d7"
  integrity sha512-yI5OAFfYVJwViKTsTsonVfCBPtB3MlefADUORwNIxxBOMp21vnoxuxsdgUWlPH/dvAEZh/+mr8UtqOBNu8NC5Q==
  dependencies:
    min-dash "^4.0.0"
    moddle "^6.2.3"
    moddle-xml "^10.1.0"

dmn-moddle@^10.0.0:
  version "10.0.0"
  resolved "https://registry.yarnpkg.com/dmn-moddle/-/dmn-moddle-10.0.0.tgz#dadabfac6b6efb2d94ae328ba5ed2a840639d632"
  integrity sha512-JD08qH2VqA7O54qCQFrGruwGyVovow+9g2O5/ww0KpC/n0mvuua117dz2CONiUWexJxq/dOAaMjrQwkWnK+oEA==
  dependencies:
    min-dash "^3.0.0"
    moddle "^5.0.1"
    moddle-xml "^9.0.5"

min-dash@^3.0.0, min-dash@^3.5.2:
  version "3.8.1"
  resolved "https://registry.yarnpkg.com/min-dash/-/min-dash-3.8.1.tgz#09a8bd8a041d65eec4732042cde9cb24a6e84b0d"
  integrity sha512-evumdlmIlg9mbRVPbC4F5FuRhNmcMS5pvuBUbqb1G9v09Ro0ImPEgz5n3khir83lFok1inKqVDjnKEg3GpDxQg==

min-dash@^4.0.0:
  version "4.1.1"
  resolved "https://registry.yarnpkg.com/min-dash/-/min-dash-4.1.1.tgz#09b85a5e1d0189ce02a4ec416180aa85db06451b"
  integrity sha512-r+Z6vxXLSGr+otyCPx9NKPCSixw7LdfZREPTmqfd2a/d5D6w4NCdOxRJs+HyFO6v2pQkyHroGSiINWECK+OWPg==

moddle-xml@^10.1.0:
  version "10.1.0"
  resolved "https://registry.yarnpkg.com/moddle-xml/-/moddle-xml-10.1.0.tgz#8c2a1b73c73cc8915182d5374857c43ba482c7a5"
  integrity sha512-erWckwLt+dYskewKXJso9u+aAZ5172lOiYxSOqKCPTy7L/xmqH1PoeoA7eVC7oJTt3PqF5TkZzUmbjGH6soQBg==
  dependencies:
    min-dash "^4.0.0"
    moddle "^6.0.0"
    saxen "^8.1.2"

moddle-xml@^9.0.5:
  version "9.0.6"
  resolved "https://registry.yarnpkg.com/moddle-xml/-/moddle-xml-9.0.6.tgz#282b2a2232065a82556ba3fbbe3010b374f95cbf"
  integrity sha512-tl0reHpsY/aKlLGhXeFlQWlYAQHFxTkFqC8tq8jXRYpQSnLVw13T6swMaourLd7EXqHdWsc+5ggsB+fEep6xZQ==
  dependencies:
    min-dash "^3.5.2"
    moddle "^5.0.2"
    saxen "^8.1.2"

moddle@^5.0.1, moddle@^5.0.2:
  version "5.0.4"
  resolved "https://registry.yarnpkg.com/moddle/-/moddle-5.0.4.tgz#1108c9ff210df552ef4589513e620d171e4468e6"
  integrity sha512-Kjb+hjuzO+YlojNGxEUXvdhLYTHTtAABDlDcJTtTcn5MbJF9Zkv4I1Fyvp3Ypmfgg1EfHDZ3PsCQTuML9JD6wg==
  dependencies:
    min-dash "^3.0.0"

moddle@^6.0.0, moddle@^6.2.3:
  version "6.2.3"
  resolved "https://registry.yarnpkg.com/moddle/-/moddle-6.2.3.tgz#03ff1e57633ce287d28cdf276d6ad20741302f69"
  integrity sha512-bLVN+ZHL3aKnhxc19XtjUfvdJsS3EsiEJC7bT6YPD11qYmTzvsxrGgyYz1Ouof7TZuGw0lDJ1OLmEnxcpQWk3Q==
  dependencies:
    min-dash "^4.0.0"

saxen@^8.1.2:
  version "8.1.2"
  resolved "https://registry.yarnpkg.com/saxen/-/saxen-8.1.2.tgz#e677b32afe93667c9d939d3f3de02e09df108e54"
  integrity sha512-xUOiiFbc3Ow7p8KMxwsGICPx46ZQvy3+qfNVhrkwfz3Vvq45eGt98Ft5IQaA1R/7Tb5B5MKh9fUR9x3c3nDTxw==

zeebe-bpmn-moddle@^1.0.0:
  version "1.0.0"
  resolved "https://registry.yarnpkg.com/zeebe-bpmn-moddle/-/zeebe-bpmn-moddle-1.0.0.tgz#812cf8b2a5405ab812b11d21a3f6e7efbee08e0b"
  integrity sha512-ZXEe+0s6Z1jf0hfK4VfRr71p4FcXkYz+MxVx6vMCiey2KVZqY1uj6KCpzK9+tEJzTdxGRS3FymK3oxAkjzs1GA==
